// !$*UTF8*$!
{
	archiveVersion = 1;
	classes = {
	};
	objectVersion = 55;
	objects = {

/* Begin PBXBuildFile section */
		8A3BF88D280FFA1500F3D110 /* String+Localizing.swift in Sources */ = {isa = PBXBuildFile; fileRef = 8A3BF88C280FFA1500F3D110 /* String+Localizing.swift */; };
		8A3BF890281157E800F3D110 /* RxCocoa in Frameworks */ = {isa = PBXBuildFile; productRef = 8A3BF88F281157E800F3D110 /* RxCocoa */; };
		8A3BF892281157E800F3D110 /* RxRelay in Frameworks */ = {isa = PBXBuildFile; productRef = 8A3BF891281157E800F3D110 /* RxRelay */; };
		8A3BF894281157E800F3D110 /* RxSwift in Frameworks */ = {isa = PBXBuildFile; productRef = 8A3BF893281157E800F3D110 /* RxSwift */; };
		8A3BF89728115FA000F3D110 /* TabBarController.swift in Sources */ = {isa = PBXBuildFile; fileRef = 8A3BF89628115FA000F3D110 /* TabBarController.swift */; };
		8A3BF8A328117D3B00F3D110 /* HomeViewController.swift in Sources */ = {isa = PBXBuildFile; fileRef = 8A3BF8A228117D3B00F3D110 /* HomeViewController.swift */; };
		8A3BF8A528117D7500F3D110 /* SearchViewController.swift in Sources */ = {isa = PBXBuildFile; fileRef = 8A3BF8A428117D7500F3D110 /* SearchViewController.swift */; };
		8A3BF8A728117D7D00F3D110 /* ReelsViewController.swift in Sources */ = {isa = PBXBuildFile; fileRef = 8A3BF8A628117D7D00F3D110 /* ReelsViewController.swift */; };
		8A3BF8A928117D8500F3D110 /* ShopViewController.swift in Sources */ = {isa = PBXBuildFile; fileRef = 8A3BF8A828117D8500F3D110 /* ShopViewController.swift */; };
		8A3BF8AB28117D8D00F3D110 /* ProfileViewController.swift in Sources */ = {isa = PBXBuildFile; fileRef = 8A3BF8AA28117D8D00F3D110 /* ProfileViewController.swift */; };
		8A8EA86228027202004DB3EF /* UIImage+Assets.swift in Sources */ = {isa = PBXBuildFile; fileRef = 8A8EA86128027202004DB3EF /* UIImage+Assets.swift */; };
		8A8EA8672802745B004DB3EF /* Localizable.strings in Resources */ = {isa = PBXBuildFile; fileRef = 8A8EA8692802745B004DB3EF /* Localizable.strings */; };
		8AC6466B27FD547A00377BB2 /* AppDelegate.swift in Sources */ = {isa = PBXBuildFile; fileRef = 8AC6466A27FD547A00377BB2 /* AppDelegate.swift */; };
		8AC6466D27FD547A00377BB2 /* SceneDelegate.swift in Sources */ = {isa = PBXBuildFile; fileRef = 8AC6466C27FD547A00377BB2 /* SceneDelegate.swift */; };
		8AC6467427FD547A00377BB2 /* Assets.xcassets in Resources */ = {isa = PBXBuildFile; fileRef = 8AC6467327FD547A00377BB2 /* Assets.xcassets */; };
		8AC6467727FD547A00377BB2 /* LaunchScreen.storyboard in Resources */ = {isa = PBXBuildFile; fileRef = 8AC6467527FD547A00377BB2 /* LaunchScreen.storyboard */; };
		8AC6468627FD56EC00377BB2 /* LoginViewController.swift in Sources */ = {isa = PBXBuildFile; fileRef = 8AC6468527FD56EC00377BB2 /* LoginViewController.swift */; };
		8AC6468827FD57EE00377BB2 /* SignUpFirstViewController.swift in Sources */ = {isa = PBXBuildFile; fileRef = 8AC6468727FD57EE00377BB2 /* SignUpFirstViewController.swift */; };
		8AC6468A27FD57FF00377BB2 /* WelcomeViewController.swift in Sources */ = {isa = PBXBuildFile; fileRef = 8AC6468927FD57FF00377BB2 /* WelcomeViewController.swift */; };
		8AC6468D27FD65F900377BB2 /* PadedTextField.swift in Sources */ = {isa = PBXBuildFile; fileRef = 8AC6468C27FD65F900377BB2 /* PadedTextField.swift */; };
		8AC6468F27FDB96300377BB2 /* SignUpSecondViewController.swift in Sources */ = {isa = PBXBuildFile; fileRef = 8AC6468E27FDB96300377BB2 /* SignUpSecondViewController.swift */; };
		8AC6469327FE9F5C00377BB2 /* User.swift in Sources */ = {isa = PBXBuildFile; fileRef = 8AC6469227FE9F5C00377BB2 /* User.swift */; };
/* End PBXBuildFile section */

/* Begin PBXFileReference section */
		8A3BF88C280FFA1500F3D110 /* String+Localizing.swift */ = {isa = PBXFileReference; lastKnownFileType = sourcecode.swift; path = "String+Localizing.swift"; sourceTree = "<group>"; };
		8A3BF89628115FA000F3D110 /* TabBarController.swift */ = {isa = PBXFileReference; lastKnownFileType = sourcecode.swift; path = TabBarController.swift; sourceTree = "<group>"; };
		8A3BF8A228117D3B00F3D110 /* HomeViewController.swift */ = {isa = PBXFileReference; lastKnownFileType = sourcecode.swift; path = HomeViewController.swift; sourceTree = "<group>"; };
		8A3BF8A428117D7500F3D110 /* SearchViewController.swift */ = {isa = PBXFileReference; lastKnownFileType = sourcecode.swift; path = SearchViewController.swift; sourceTree = "<group>"; };
		8A3BF8A628117D7D00F3D110 /* ReelsViewController.swift */ = {isa = PBXFileReference; lastKnownFileType = sourcecode.swift; path = ReelsViewController.swift; sourceTree = "<group>"; };
		8A3BF8A828117D8500F3D110 /* ShopViewController.swift */ = {isa = PBXFileReference; lastKnownFileType = sourcecode.swift; path = ShopViewController.swift; sourceTree = "<group>"; };
		8A3BF8AA28117D8D00F3D110 /* ProfileViewController.swift */ = {isa = PBXFileReference; lastKnownFileType = sourcecode.swift; path = ProfileViewController.swift; sourceTree = "<group>"; };
		8A8EA86128027202004DB3EF /* UIImage+Assets.swift */ = {isa = PBXFileReference; lastKnownFileType = sourcecode.swift; path = "UIImage+Assets.swift"; sourceTree = "<group>"; };
		8A8EA8682802745B004DB3EF /* en */ = {isa = PBXFileReference; lastKnownFileType = text.plist.strings; name = en; path = en.lproj/Localizable.strings; sourceTree = "<group>"; };
		8A8EA86A280274C4004DB3EF /* ko */ = {isa = PBXFileReference; lastKnownFileType = text.plist.strings; name = ko; path = ko.lproj/Localizable.strings; sourceTree = "<group>"; };
		8A8EA86B280274F5004DB3EF /* ja */ = {isa = PBXFileReference; lastKnownFileType = text.plist.strings; name = ja; path = ja.lproj/Localizable.strings; sourceTree = "<group>"; };
		8AC6466727FD547A00377BB2 /* InstagramClone.app */ = {isa = PBXFileReference; explicitFileType = wrapper.application; includeInIndex = 0; path = InstagramClone.app; sourceTree = BUILT_PRODUCTS_DIR; };
		8AC6466A27FD547A00377BB2 /* AppDelegate.swift */ = {isa = PBXFileReference; lastKnownFileType = sourcecode.swift; path = AppDelegate.swift; sourceTree = "<group>"; };
		8AC6466C27FD547A00377BB2 /* SceneDelegate.swift */ = {isa = PBXFileReference; lastKnownFileType = sourcecode.swift; path = SceneDelegate.swift; sourceTree = "<group>"; };
		8AC6467327FD547A00377BB2 /* Assets.xcassets */ = {isa = PBXFileReference; lastKnownFileType = folder.assetcatalog; path = Assets.xcassets; sourceTree = "<group>"; };
		8AC6467627FD547A00377BB2 /* Base */ = {isa = PBXFileReference; lastKnownFileType = file.storyboard; name = Base; path = Base.lproj/LaunchScreen.storyboard; sourceTree = "<group>"; };
		8AC6467827FD547A00377BB2 /* Info.plist */ = {isa = PBXFileReference; lastKnownFileType = text.plist.xml; path = Info.plist; sourceTree = "<group>"; };
		8AC6468527FD56EC00377BB2 /* LoginViewController.swift */ = {isa = PBXFileReference; lastKnownFileType = sourcecode.swift; path = LoginViewController.swift; sourceTree = "<group>"; };
		8AC6468727FD57EE00377BB2 /* SignUpFirstViewController.swift */ = {isa = PBXFileReference; lastKnownFileType = sourcecode.swift; path = SignUpFirstViewController.swift; sourceTree = "<group>"; };
		8AC6468927FD57FF00377BB2 /* WelcomeViewController.swift */ = {isa = PBXFileReference; lastKnownFileType = sourcecode.swift; path = WelcomeViewController.swift; sourceTree = "<group>"; };
		8AC6468C27FD65F900377BB2 /* PadedTextField.swift */ = {isa = PBXFileReference; lastKnownFileType = sourcecode.swift; path = PadedTextField.swift; sourceTree = "<group>"; };
		8AC6468E27FDB96300377BB2 /* SignUpSecondViewController.swift */ = {isa = PBXFileReference; lastKnownFileType = sourcecode.swift; path = SignUpSecondViewController.swift; sourceTree = "<group>"; };
		8AC6469227FE9F5C00377BB2 /* User.swift */ = {isa = PBXFileReference; lastKnownFileType = sourcecode.swift; path = User.swift; sourceTree = "<group>"; };
/* End PBXFileReference section */

/* Begin PBXFrameworksBuildPhase section */
		8AC6466427FD547A00377BB2 /* Frameworks */ = {
			isa = PBXFrameworksBuildPhase;
			buildActionMask = 2147483647;
			files = (
				8A3BF894281157E800F3D110 /* RxSwift in Frameworks */,
				8A3BF892281157E800F3D110 /* RxRelay in Frameworks */,
				8A3BF890281157E800F3D110 /* RxCocoa in Frameworks */,
			);
			runOnlyForDeploymentPostprocessing = 0;
		};
/* End PBXFrameworksBuildPhase section */

/* Begin PBXGroup section */
		8A3BF89528115F4000F3D110 /* TabBar */ = {
			isa = PBXGroup;
			children = (
				8A3BF89628115FA000F3D110 /* TabBarController.swift */,
			);
			path = TabBar;
			sourceTree = "<group>";
		};
		8A3BF89C28117C5200F3D110 /* Auth */ = {
			isa = PBXGroup;
			children = (
				8AC6467F27FD553900377BB2 /* Login */,
				8AC6468027FD555500377BB2 /* SignUp */,
				8AC6468127FD560300377BB2 /* Welcome */,
			);
			path = Auth;
			sourceTree = "<group>";
		};
		8A3BF89D28117C9A00F3D110 /* Home */ = {
			isa = PBXGroup;
			children = (
				8A3BF8A228117D3B00F3D110 /* HomeViewController.swift */,
			);
			path = Home;
			sourceTree = "<group>";
		};
		8A3BF89E28117C9E00F3D110 /* Search */ = {
			isa = PBXGroup;
			children = (
				8A3BF8A428117D7500F3D110 /* SearchViewController.swift */,
			);
			path = Search;
			sourceTree = "<group>";
		};
		8A3BF89F28117CA600F3D110 /* Reels */ = {
			isa = PBXGroup;
			children = (
				8A3BF8A628117D7D00F3D110 /* ReelsViewController.swift */,
			);
			path = Reels;
			sourceTree = "<group>";
		};
		8A3BF8A028117CAD00F3D110 /* Shop */ = {
			isa = PBXGroup;
			children = (
				8A3BF8A828117D8500F3D110 /* ShopViewController.swift */,
			);
			path = Shop;
			sourceTree = "<group>";
		};
		8A3BF8A128117CB100F3D110 /* Profile */ = {
			isa = PBXGroup;
			children = (
				8A3BF8AA28117D8D00F3D110 /* ProfileViewController.swift */,
			);
			path = Profile;
			sourceTree = "<group>";
		};
		8A8EA860280271EF004DB3EF /* Extension */ = {
			isa = PBXGroup;
			children = (
				8A8EA86128027202004DB3EF /* UIImage+Assets.swift */,
				8A3BF88C280FFA1500F3D110 /* String+Localizing.swift */,
			);
			path = Extension;
			sourceTree = "<group>";
		};
		8A8EA8632802720B004DB3EF /* CustomView */ = {
			isa = PBXGroup;
			children = (
				8AC6468C27FD65F900377BB2 /* PadedTextField.swift */,
			);
			path = CustomView;
			sourceTree = "<group>";
		};
		8A8EA86428027440004DB3EF /* Localizing */ = {
			isa = PBXGroup;
			children = (
				8A8EA8692802745B004DB3EF /* Localizable.strings */,
			);
			path = Localizing;
			sourceTree = "<group>";
		};
		8AC6465E27FD547A00377BB2 = {
			isa = PBXGroup;
			children = (
				8AC6466927FD547A00377BB2 /* InstagramClone */,
				8AC6466827FD547A00377BB2 /* Products */,
			);
			sourceTree = "<group>";
		};
		8AC6466827FD547A00377BB2 /* Products */ = {
			isa = PBXGroup;
			children = (
				8AC6466727FD547A00377BB2 /* InstagramClone.app */,
			);
			name = Products;
			sourceTree = "<group>";
		};
		8AC6466927FD547A00377BB2 /* InstagramClone */ = {
			isa = PBXGroup;
			children = (
				8AC6469027FE9F4400377BB2 /* Domain */,
				8AC6467E27FD552300377BB2 /* Presentation */,
				8AC6466A27FD547A00377BB2 /* AppDelegate.swift */,
				8AC6466C27FD547A00377BB2 /* SceneDelegate.swift */,
				8AC6467327FD547A00377BB2 /* Assets.xcassets */,
				8AC6467527FD547A00377BB2 /* LaunchScreen.storyboard */,
				8AC6467827FD547A00377BB2 /* Info.plist */,
			);
			path = InstagramClone;
			sourceTree = "<group>";
		};
		8AC6467E27FD552300377BB2 /* Presentation */ = {
			isa = PBXGroup;
			children = (
				8AC6468B27FD65D400377BB2 /* Common */,
				8A3BF89C28117C5200F3D110 /* Auth */,
				8A3BF89528115F4000F3D110 /* TabBar */,
				8A3BF89D28117C9A00F3D110 /* Home */,
				8A3BF89E28117C9E00F3D110 /* Search */,
				8A3BF89F28117CA600F3D110 /* Reels */,
				8A3BF8A028117CAD00F3D110 /* Shop */,
				8A3BF8A128117CB100F3D110 /* Profile */,
			);
			path = Presentation;
			sourceTree = "<group>";
		};
		8AC6467F27FD553900377BB2 /* Login */ = {
			isa = PBXGroup;
			children = (
				8AC6468427FD56A800377BB2 /* View */,
			);
			path = Login;
			sourceTree = "<group>";
		};
		8AC6468027FD555500377BB2 /* SignUp */ = {
			isa = PBXGroup;
			children = (
				8AC6468327FD56A200377BB2 /* View */,
			);
			path = SignUp;
			sourceTree = "<group>";
		};
		8AC6468127FD560300377BB2 /* Welcome */ = {
			isa = PBXGroup;
			children = (
				8AC6468227FD567700377BB2 /* View */,
			);
			path = Welcome;
			sourceTree = "<group>";
		};
		8AC6468227FD567700377BB2 /* View */ = {
			isa = PBXGroup;
			children = (
				8AC6468927FD57FF00377BB2 /* WelcomeViewController.swift */,
			);
			path = View;
			sourceTree = "<group>";
		};
		8AC6468327FD56A200377BB2 /* View */ = {
			isa = PBXGroup;
			children = (
				8AC6468727FD57EE00377BB2 /* SignUpFirstViewController.swift */,
				8AC6468E27FDB96300377BB2 /* SignUpSecondViewController.swift */,
			);
			path = View;
			sourceTree = "<group>";
		};
		8AC6468427FD56A800377BB2 /* View */ = {
			isa = PBXGroup;
			children = (
				8AC6468527FD56EC00377BB2 /* LoginViewController.swift */,
			);
			path = View;
			sourceTree = "<group>";
		};
		8AC6468B27FD65D400377BB2 /* Common */ = {
			isa = PBXGroup;
			children = (
				8A8EA86428027440004DB3EF /* Localizing */,
				8A8EA8632802720B004DB3EF /* CustomView */,
				8A8EA860280271EF004DB3EF /* Extension */,
			);
			path = Common;
			sourceTree = "<group>";
		};
		8AC6469027FE9F4400377BB2 /* Domain */ = {
			isa = PBXGroup;
			children = (
				8AC6469227FE9F5C00377BB2 /* User.swift */,
			);
			path = Domain;
			sourceTree = "<group>";
		};
/* End PBXGroup section */

/* Begin PBXNativeTarget section */
		8AC6466627FD547A00377BB2 /* InstagramClone */ = {
			isa = PBXNativeTarget;
			buildConfigurationList = 8AC6467B27FD547A00377BB2 /* Build configuration list for PBXNativeTarget "InstagramClone" */;
			buildPhases = (
				8AC6466327FD547A00377BB2 /* Sources */,
				8AC6466427FD547A00377BB2 /* Frameworks */,
				8AC6466527FD547A00377BB2 /* Resources */,
			);
			buildRules = (
			);
			dependencies = (
			);
			name = InstagramClone;
			packageProductDependencies = (
				8A3BF88F281157E800F3D110 /* RxCocoa */,
				8A3BF891281157E800F3D110 /* RxRelay */,
				8A3BF893281157E800F3D110 /* RxSwift */,
			);
			productName = InstagramClone;
			productReference = 8AC6466727FD547A00377BB2 /* InstagramClone.app */;
			productType = "com.apple.product-type.application";
		};
/* End PBXNativeTarget section */

/* Begin PBXProject section */
		8AC6465F27FD547A00377BB2 /* Project object */ = {
			isa = PBXProject;
			attributes = {
				BuildIndependentTargetsInParallel = 1;
				LastSwiftUpdateCheck = 1320;
				LastUpgradeCheck = 1320;
				TargetAttributes = {
					8AC6466627FD547A00377BB2 = {
						CreatedOnToolsVersion = 13.2.1;
					};
				};
			};
			buildConfigurationList = 8AC6466227FD547A00377BB2 /* Build configuration list for PBXProject "InstagramClone" */;
			compatibilityVersion = "Xcode 13.0";
			developmentRegion = en;
			hasScannedForEncodings = 0;
			knownRegions = (
				en,
				Base,
				ko,
				ja,
			);
			mainGroup = 8AC6465E27FD547A00377BB2;
			packageReferences = (
				8A3BF88E281157E800F3D110 /* XCRemoteSwiftPackageReference "RxSwift" */,
			);
			productRefGroup = 8AC6466827FD547A00377BB2 /* Products */;
			projectDirPath = "";
			projectRoot = "";
			targets = (
				8AC6466627FD547A00377BB2 /* InstagramClone */,
			);
		};
/* End PBXProject section */

/* Begin PBXResourcesBuildPhase section */
		8AC6466527FD547A00377BB2 /* Resources */ = {
			isa = PBXResourcesBuildPhase;
			buildActionMask = 2147483647;
			files = (
				8AC6467727FD547A00377BB2 /* LaunchScreen.storyboard in Resources */,
				8A8EA8672802745B004DB3EF /* Localizable.strings in Resources */,
				8AC6467427FD547A00377BB2 /* Assets.xcassets in Resources */,
			);
			runOnlyForDeploymentPostprocessing = 0;
		};
/* End PBXResourcesBuildPhase section */

/* Begin PBXSourcesBuildPhase section */
		8AC6466327FD547A00377BB2 /* Sources */ = {
			isa = PBXSourcesBuildPhase;
			buildActionMask = 2147483647;
			files = (
				8AC6468F27FDB96300377BB2 /* SignUpSecondViewController.swift in Sources */,
				8AC6468627FD56EC00377BB2 /* LoginViewController.swift in Sources */,
				8A3BF8A928117D8500F3D110 /* ShopViewController.swift in Sources */,
				8AC6468A27FD57FF00377BB2 /* WelcomeViewController.swift in Sources */,
				8A8EA86228027202004DB3EF /* UIImage+Assets.swift in Sources */,
				8A3BF8A728117D7D00F3D110 /* ReelsViewController.swift in Sources */,
				8A3BF8AB28117D8D00F3D110 /* ProfileViewController.swift in Sources */,
				8AC6466B27FD547A00377BB2 /* AppDelegate.swift in Sources */,
				8AC6469327FE9F5C00377BB2 /* User.swift in Sources */,
				8AC6468827FD57EE00377BB2 /* SignUpFirstViewController.swift in Sources */,
				8AC6468D27FD65F900377BB2 /* PadedTextField.swift in Sources */,
				8A3BF8A528117D7500F3D110 /* SearchViewController.swift in Sources */,
				8A3BF89728115FA000F3D110 /* TabBarController.swift in Sources */,
				8A3BF88D280FFA1500F3D110 /* String+Localizing.swift in Sources */,
				8AC6466D27FD547A00377BB2 /* SceneDelegate.swift in Sources */,
				8A3BF8A328117D3B00F3D110 /* HomeViewController.swift in Sources */,
			);
			runOnlyForDeploymentPostprocessing = 0;
		};
/* End PBXSourcesBuildPhase section */

/* Begin PBXVariantGroup section */
		8A8EA8692802745B004DB3EF /* Localizable.strings */ = {
			isa = PBXVariantGroup;
			children = (
				8A8EA8682802745B004DB3EF /* en */,
				8A8EA86A280274C4004DB3EF /* ko */,
				8A8EA86B280274F5004DB3EF /* ja */,
			);
			name = Localizable.strings;
			sourceTree = "<group>";
		};
		8AC6467527FD547A00377BB2 /* LaunchScreen.storyboard */ = {
			isa = PBXVariantGroup;
			children = (
				8AC6467627FD547A00377BB2 /* Base */,
			);
			name = LaunchScreen.storyboard;
			sourceTree = "<group>";
		};
/* End PBXVariantGroup section */

/* Begin XCBuildConfiguration section */
		8AC6467927FD547A00377BB2 /* Debug */ = {
			isa = XCBuildConfiguration;
			buildSettings = {
				ALWAYS_SEARCH_USER_PATHS = NO;
				CLANG_ANALYZER_LOCALIZABILITY_NONLOCALIZED = YES;
				CLANG_ANALYZER_NONNULL = YES;
				CLANG_ANALYZER_NUMBER_OBJECT_CONVERSION = YES_AGGRESSIVE;
				CLANG_CXX_LANGUAGE_STANDARD = "gnu++17";
				CLANG_CXX_LIBRARY = "libc++";
				CLANG_ENABLE_MODULES = YES;
				CLANG_ENABLE_OBJC_ARC = YES;
				CLANG_ENABLE_OBJC_WEAK = YES;
				CLANG_WARN_BLOCK_CAPTURE_AUTORELEASING = YES;
				CLANG_WARN_BOOL_CONVERSION = YES;
				CLANG_WARN_COMMA = YES;
				CLANG_WARN_CONSTANT_CONVERSION = YES;
				CLANG_WARN_DEPRECATED_OBJC_IMPLEMENTATIONS = YES;
				CLANG_WARN_DIRECT_OBJC_ISA_USAGE = YES_ERROR;
				CLANG_WARN_DOCUMENTATION_COMMENTS = YES;
				CLANG_WARN_EMPTY_BODY = YES;
				CLANG_WARN_ENUM_CONVERSION = YES;
				CLANG_WARN_INFINITE_RECURSION = YES;
				CLANG_WARN_INT_CONVERSION = YES;
				CLANG_WARN_NON_LITERAL_NULL_CONVERSION = YES;
				CLANG_WARN_OBJC_IMPLICIT_RETAIN_SELF = YES;
				CLANG_WARN_OBJC_LITERAL_CONVERSION = YES;
				CLANG_WARN_OBJC_ROOT_CLASS = YES_ERROR;
				CLANG_WARN_QUOTED_INCLUDE_IN_FRAMEWORK_HEADER = YES;
				CLANG_WARN_RANGE_LOOP_ANALYSIS = YES;
				CLANG_WARN_STRICT_PROTOTYPES = YES;
				CLANG_WARN_SUSPICIOUS_MOVE = YES;
				CLANG_WARN_UNGUARDED_AVAILABILITY = YES_AGGRESSIVE;
				CLANG_WARN_UNREACHABLE_CODE = YES;
				CLANG_WARN__DUPLICATE_METHOD_MATCH = YES;
				COPY_PHASE_STRIP = NO;
				DEBUG_INFORMATION_FORMAT = dwarf;
				ENABLE_STRICT_OBJC_MSGSEND = YES;
				ENABLE_TESTABILITY = YES;
				GCC_C_LANGUAGE_STANDARD = gnu11;
				GCC_DYNAMIC_NO_PIC = NO;
				GCC_NO_COMMON_BLOCKS = YES;
				GCC_OPTIMIZATION_LEVEL = 0;
				GCC_PREPROCESSOR_DEFINITIONS = (
					"DEBUG=1",
					"$(inherited)",
				);
				GCC_WARN_64_TO_32_BIT_CONVERSION = YES;
				GCC_WARN_ABOUT_RETURN_TYPE = YES_ERROR;
				GCC_WARN_UNDECLARED_SELECTOR = YES;
				GCC_WARN_UNINITIALIZED_AUTOS = YES_AGGRESSIVE;
				GCC_WARN_UNUSED_FUNCTION = YES;
				GCC_WARN_UNUSED_VARIABLE = YES;
				IPHONEOS_DEPLOYMENT_TARGET = 15.2;
				MTL_ENABLE_DEBUG_INFO = INCLUDE_SOURCE;
				MTL_FAST_MATH = YES;
				ONLY_ACTIVE_ARCH = YES;
				SDKROOT = iphoneos;
				SWIFT_ACTIVE_COMPILATION_CONDITIONS = DEBUG;
				SWIFT_OPTIMIZATION_LEVEL = "-Onone";
			};
			name = Debug;
		};
		8AC6467A27FD547A00377BB2 /* Release */ = {
			isa = XCBuildConfiguration;
			buildSettings = {
				ALWAYS_SEARCH_USER_PATHS = NO;
				CLANG_ANALYZER_LOCALIZABILITY_NONLOCALIZED = YES;
				CLANG_ANALYZER_NONNULL = YES;
				CLANG_ANALYZER_NUMBER_OBJECT_CONVERSION = YES_AGGRESSIVE;
				CLANG_CXX_LANGUAGE_STANDARD = "gnu++17";
				CLANG_CXX_LIBRARY = "libc++";
				CLANG_ENABLE_MODULES = YES;
				CLANG_ENABLE_OBJC_ARC = YES;
				CLANG_ENABLE_OBJC_WEAK = YES;
				CLANG_WARN_BLOCK_CAPTURE_AUTORELEASING = YES;
				CLANG_WARN_BOOL_CONVERSION = YES;
				CLANG_WARN_COMMA = YES;
				CLANG_WARN_CONSTANT_CONVERSION = YES;
				CLANG_WARN_DEPRECATED_OBJC_IMPLEMENTATIONS = YES;
				CLANG_WARN_DIRECT_OBJC_ISA_USAGE = YES_ERROR;
				CLANG_WARN_DOCUMENTATION_COMMENTS = YES;
				CLANG_WARN_EMPTY_BODY = YES;
				CLANG_WARN_ENUM_CONVERSION = YES;
				CLANG_WARN_INFINITE_RECURSION = YES;
				CLANG_WARN_INT_CONVERSION = YES;
				CLANG_WARN_NON_LITERAL_NULL_CONVERSION = YES;
				CLANG_WARN_OBJC_IMPLICIT_RETAIN_SELF = YES;
				CLANG_WARN_OBJC_LITERAL_CONVERSION = YES;
				CLANG_WARN_OBJC_ROOT_CLASS = YES_ERROR;
				CLANG_WARN_QUOTED_INCLUDE_IN_FRAMEWORK_HEADER = YES;
				CLANG_WARN_RANGE_LOOP_ANALYSIS = YES;
				CLANG_WARN_STRICT_PROTOTYPES = YES;
				CLANG_WARN_SUSPICIOUS_MOVE = YES;
				CLANG_WARN_UNGUARDED_AVAILABILITY = YES_AGGRESSIVE;
				CLANG_WARN_UNREACHABLE_CODE = YES;
				CLANG_WARN__DUPLICATE_METHOD_MATCH = YES;
				COPY_PHASE_STRIP = NO;
				DEBUG_INFORMATION_FORMAT = "dwarf-with-dsym";
				ENABLE_NS_ASSERTIONS = NO;
				ENABLE_STRICT_OBJC_MSGSEND = YES;
				GCC_C_LANGUAGE_STANDARD = gnu11;
				GCC_NO_COMMON_BLOCKS = YES;
				GCC_WARN_64_TO_32_BIT_CONVERSION = YES;
				GCC_WARN_ABOUT_RETURN_TYPE = YES_ERROR;
				GCC_WARN_UNDECLARED_SELECTOR = YES;
				GCC_WARN_UNINITIALIZED_AUTOS = YES_AGGRESSIVE;
				GCC_WARN_UNUSED_FUNCTION = YES;
				GCC_WARN_UNUSED_VARIABLE = YES;
				IPHONEOS_DEPLOYMENT_TARGET = 15.2;
				MTL_ENABLE_DEBUG_INFO = NO;
				MTL_FAST_MATH = YES;
				SDKROOT = iphoneos;
				SWIFT_COMPILATION_MODE = wholemodule;
				SWIFT_OPTIMIZATION_LEVEL = "-O";
				VALIDATE_PRODUCT = YES;
			};
			name = Release;
		};
		8AC6467C27FD547A00377BB2 /* Debug */ = {
			isa = XCBuildConfiguration;
			buildSettings = {
				ASSETCATALOG_COMPILER_APPICON_NAME = AppIcon;
				ASSETCATALOG_COMPILER_GLOBAL_ACCENT_COLOR_NAME = AccentColor;
				CODE_SIGN_STYLE = Automatic;
				CURRENT_PROJECT_VERSION = 1;
				DEVELOPMENT_TEAM = M5F64J2N4N;
				GENERATE_INFOPLIST_FILE = YES;
				INFOPLIST_FILE = InstagramClone/Info.plist;
				INFOPLIST_KEY_UIApplicationSupportsIndirectInputEvents = YES;
				INFOPLIST_KEY_UILaunchStoryboardName = LaunchScreen;
				INFOPLIST_KEY_UISupportedInterfaceOrientations_iPad = "UIInterfaceOrientationPortrait UIInterfaceOrientationPortraitUpsideDown UIInterfaceOrientationLandscapeLeft UIInterfaceOrientationLandscapeRight";
				INFOPLIST_KEY_UISupportedInterfaceOrientations_iPhone = "UIInterfaceOrientationPortrait UIInterfaceOrientationLandscapeLeft UIInterfaceOrientationLandscapeRight";
				LD_RUNPATH_SEARCH_PATHS = (
					"$(inherited)",
					"@executable_path/Frameworks",
				);
				MARKETING_VERSION = 1.0;
				PRODUCT_BUNDLE_IDENTIFIER = com.inu.InstagramClone;
				PRODUCT_NAME = "$(TARGET_NAME)";
				SWIFT_EMIT_LOC_STRINGS = YES;
				SWIFT_VERSION = 5.0;
				TARGETED_DEVICE_FAMILY = "1,2";
			};
			name = Debug;
		};
		8AC6467D27FD547A00377BB2 /* Release */ = {
			isa = XCBuildConfiguration;
			buildSettings = {
				ASSETCATALOG_COMPILER_APPICON_NAME = AppIcon;
				ASSETCATALOG_COMPILER_GLOBAL_ACCENT_COLOR_NAME = AccentColor;
				CODE_SIGN_STYLE = Automatic;
				CURRENT_PROJECT_VERSION = 1;
				DEVELOPMENT_TEAM = M5F64J2N4N;
				GENERATE_INFOPLIST_FILE = YES;
				INFOPLIST_FILE = InstagramClone/Info.plist;
				INFOPLIST_KEY_UIApplicationSupportsIndirectInputEvents = YES;
				INFOPLIST_KEY_UILaunchStoryboardName = LaunchScreen;
				INFOPLIST_KEY_UISupportedInterfaceOrientations_iPad = "UIInterfaceOrientationPortrait UIInterfaceOrientationPortraitUpsideDown UIInterfaceOrientationLandscapeLeft UIInterfaceOrientationLandscapeRight";
				INFOPLIST_KEY_UISupportedInterfaceOrientations_iPhone = "UIInterfaceOrientationPortrait UIInterfaceOrientationLandscapeLeft UIInterfaceOrientationLandscapeRight";
				LD_RUNPATH_SEARCH_PATHS = (
					"$(inherited)",
					"@executable_path/Frameworks",
				);
				MARKETING_VERSION = 1.0;
				PRODUCT_BUNDLE_IDENTIFIER = com.inu.InstagramClone;
				PRODUCT_NAME = "$(TARGET_NAME)";
				SWIFT_EMIT_LOC_STRINGS = YES;
				SWIFT_VERSION = 5.0;
				TARGETED_DEVICE_FAMILY = "1,2";
			};
			name = Release;
		};
/* End XCBuildConfiguration section */

/* Begin XCConfigurationList section */
		8AC6466227FD547A00377BB2 /* Build configuration list for PBXProject "InstagramClone" */ = {
			isa = XCConfigurationList;
			buildConfigurations = (
				8AC6467927FD547A00377BB2 /* Debug */,
				8AC6467A27FD547A00377BB2 /* Release */,
			);
			defaultConfigurationIsVisible = 0;
			defaultConfigurationName = Release;
		};
		8AC6467B27FD547A00377BB2 /* Build configuration list for PBXNativeTarget "InstagramClone" */ = {
			isa = XCConfigurationList;
			buildConfigurations = (
				8AC6467C27FD547A00377BB2 /* Debug */,
				8AC6467D27FD547A00377BB2 /* Release */,
			);
			defaultConfigurationIsVisible = 0;
			defaultConfigurationName = Release;
		};
/* End XCConfigurationList section */

/* Begin XCRemoteSwiftPackageReference section */
		8A3BF88E281157E800F3D110 /* XCRemoteSwiftPackageReference "RxSwift" */ = {
			isa = XCRemoteSwiftPackageReference;
			repositoryURL = "https://github.com/ReactiveX/RxSwift";
			requirement = {
				kind = upToNextMajorVersion;
				minimumVersion = 6.0.0;
			};
		};
/* End XCRemoteSwiftPackageReference section */

/* Begin XCSwiftPackageProductDependency section */
		8A3BF88F281157E800F3D110 /* RxCocoa */ = {
			isa = XCSwiftPackageProductDependency;
			package = 8A3BF88E281157E800F3D110 /* XCRemoteSwiftPackageReference "RxSwift" */;
			productName = RxCocoa;
		};
		8A3BF891281157E800F3D110 /* RxRelay */ = {
			isa = XCSwiftPackageProductDependency;
			package = 8A3BF88E281157E800F3D110 /* XCRemoteSwiftPackageReference "RxSwift" */;
			productName = RxRelay;
		};
		8A3BF893281157E800F3D110 /* RxSwift */ = {
			isa = XCSwiftPackageProductDependency;
			package = 8A3BF88E281157E800F3D110 /* XCRemoteSwiftPackageReference "RxSwift" */;
			productName = RxSwift;
		};
/* End XCSwiftPackageProductDependency section */
	};
	rootObject = 8AC6465F27FD547A00377BB2 /* Project object */;
}
